
Microsoft Visual Studio Solution File, Format Version 12.00
# Visual Studio 16
Project("{FAE04EC0-301F-11D3-BF4B-00C04F79EFBC}") = "Assembly-CSharp", "Assembly-CSharp.csproj", "{7382DA5E-F0E5-1B09-9C83-63D43472CF5E}"
EndProject
Project("{FAE04EC0-301F-11D3-BF4B-00C04F79EFBC}") = "Assembly-CSharp-firstpass", "Assembly-CSharp-firstpass.csproj", "{DB980FF6-90C0-D80E-9E0D-6A181CC244D3}"
EndProject
Project("{FAE04EC0-301F-11D3-BF4B-00C04F79EFBC}") = "Assembly-CSharp-Editor-firstpass", "Assembly-CSharp-Editor-firstpass.csproj", "{54E6982E-32ED-C17F-03FD-FA6F302FC181}"
EndProject
Project("{FAE04EC0-301F-11D3-BF4B-00C04F79EFBC}") = "Assembly-CSharp-Editor", "Assembly-CSharp-Editor.csproj", "{DD13A5C7-05B2-F826-00FD-AB791667CF6E}"
EndProject
Global
	GlobalSection(SolutionConfigurationPlatforms) = preSolution
		Debug|Any CPU = Debug|Any CPU
		Release|Any CPU = Release|Any CPU
	EndGlobalSection
	GlobalSection(ProjectConfigurationPlatforms) = postSolution
		{7382DA5E-F0E5-1B09-9C83-63D43472CF5E}.Debug|Any CPU.ActiveCfg = Debug|Any CPU
		{7382DA5E-F0E5-1B09-9C83-63D43472CF5E}.Debug|Any CPU.Build.0 = Debug|Any CPU
		{7382DA5E-F0E5-1B09-9C83-63D43472CF5E}.Release|Any CPU.ActiveCfg = Release|Any CPU
		{7382DA5E-F0E5-1B09-9C83-63D43472CF5E}.Release|Any CPU.Build.0 = Release|Any CPU
		{DB980FF6-90C0-D80E-9E0D-6A181CC244D3}.Debug|Any CPU.ActiveCfg = Debug|Any CPU
		{DB980FF6-90C0-D80E-9E0D-6A181CC244D3}.Debug|Any CPU.Build.0 = Debug|Any CPU
		{DB980FF6-90C0-D80E-9E0D-6A181CC244D3}.Release|Any CPU.ActiveCfg = Release|Any CPU
		{DB980FF6-90C0-D80E-9E0D-6A181CC244D3}.Release|Any CPU.Build.0 = Release|Any CPU
		{54E6982E-32ED-C17F-03FD-FA6F302FC181}.Debug|Any CPU.ActiveCfg = Debug|Any CPU
		{54E6982E-32ED-C17F-03FD-FA6F302FC181}.Debug|Any CPU.Build.0 = Debug|Any CPU
		{54E6982E-32ED-C17F-03FD-FA6F302FC181}.Release|Any CPU.ActiveCfg = Release|Any CPU
		{54E6982E-32ED-C17F-03FD-FA6F302FC181}.Release|Any CPU.Build.0 = Release|Any CPU
		{DD13A5C7-05B2-F826-00FD-AB791667CF6E}.Debug|Any CPU.ActiveCfg = Debug|Any CPU
		{DD13A5C7-05B2-F826-00FD-AB791667CF6E}.Debug|Any CPU.Build.0 = Debug|Any CPU
		{DD13A5C7-05B2-F826-00FD-AB791667CF6E}.Release|Any CPU.ActiveCfg = Release|Any CPU
		{DD13A5C7-05B2-F826-00FD-AB791667CF6E}.Release|Any CPU.Build.0 = Release|Any CPU
	EndGlobalSection
	GlobalSection(SolutionProperties) = preSolution
		HideSolutionNode = FALSE
	EndGlobalSection
EndGlobal
